{
  "originHash" : "fffe6df11ab200e6893b1be51add4cd2014bf16c60c609559720c448fc4e1c33",
  "pins" : [
    {
      "identity" : "yyjson",
      "kind" : "remoteSourceControl",
      "location" : "https://github.com/ibireme/yyjson.git",
      "state" : {
        "revision" : "8b4a38dc994a110abaec8a400615567bd996105f",
        "version" : "0.12.0"
      }
    }
  ],
  "version" : 3
}
