{
  "originHash" : "b9059862733d753618a61e3954507f494f21a73e29fb9789bff3f4261f84a4f0",
  "pins" : [
    {
      "identity" : "yyjson",
      "kind" : "remoteSourceControl",
      "location" : "https://github.com/ibireme/yyjson.git",
      "state" : {
        "revision" : "9e24d6bcead647231f81173cc5c6bb6c097c00e4",
        "version" : "0.11.1"
      }
    }
  ],
  "version" : 3
}
